
Microsoft Visual Studio Solution File, Format Version 12.00
# Visual Studio Version 16
VisualStudioVersion = 16.0.28803.202
MinimumVisualStudioVersion = 10.0.40219.1
Project("{9A19103F-16F7-4668-BE54-9A1E7A4F7556}") = "Entities", "Entities\Entities.csproj", "{C4D1421B-13C6-4694-8461-C2FBBF96736F}"
EndProject
Project("{9A19103F-16F7-4668-BE54-9A1E7A4F7556}") = "Data", "Data\Data.csproj", "{DC119FF4-3FDC-435B-8607-908E2BE906AF}"
EndProject
Project("{2150E333-8FDC-42A3-9474-1A3956D46DE8}") = "Persistence", "Persistence", "{AEF8E7FD-2627-400A-A4C7-B464521320D8}"
EndProject
Project("{FAE04EC0-301F-11D3-BF4B-00C04F79EFBC}") = "Presentation", "Presentation\Presentation.csproj", "{995386E2-E17D-4D99-9206-A1E1A8440ECE}"
EndProject
Project("{FAE04EC0-301F-11D3-BF4B-00C04F79EFBC}") = "Application", "Application\Application.csproj", "{A4532AC8-982D-4C8F-87DC-96AA9504A395}"
EndProject
Global
	GlobalSection(SolutionConfigurationPlatforms) = preSolution
		Debug|Any CPU = Debug|Any CPU
		Release|Any CPU = Release|Any CPU
	EndGlobalSection
	GlobalSection(ProjectConfigurationPlatforms) = postSolution
		{C4D1421B-13C6-4694-8461-C2FBBF96736F}.Debug|Any CPU.ActiveCfg = Debug|Any CPU
		{C4D1421B-13C6-4694-8461-C2FBBF96736F}.Debug|Any CPU.Build.0 = Debug|Any CPU
		{C4D1421B-13C6-4694-8461-C2FBBF96736F}.Release|Any CPU.ActiveCfg = Release|Any CPU
		{C4D1421B-13C6-4694-8461-C2FBBF96736F}.Release|Any CPU.Build.0 = Release|Any CPU
		{DC119FF4-3FDC-435B-8607-908E2BE906AF}.Debug|Any CPU.ActiveCfg = Debug|Any CPU
		{DC119FF4-3FDC-435B-8607-908E2BE906AF}.Debug|Any CPU.Build.0 = Debug|Any CPU
		{DC119FF4-3FDC-435B-8607-908E2BE906AF}.Release|Any CPU.ActiveCfg = Release|Any CPU
		{DC119FF4-3FDC-435B-8607-908E2BE906AF}.Release|Any CPU.Build.0 = Release|Any CPU
		{995386E2-E17D-4D99-9206-A1E1A8440ECE}.Debug|Any CPU.ActiveCfg = Debug|Any CPU
		{995386E2-E17D-4D99-9206-A1E1A8440ECE}.Debug|Any CPU.Build.0 = Debug|Any CPU
		{995386E2-E17D-4D99-9206-A1E1A8440ECE}.Release|Any CPU.ActiveCfg = Release|Any CPU
		{995386E2-E17D-4D99-9206-A1E1A8440ECE}.Release|Any CPU.Build.0 = Release|Any CPU
		{A4532AC8-982D-4C8F-87DC-96AA9504A395}.Debug|Any CPU.ActiveCfg = Debug|Any CPU
		{A4532AC8-982D-4C8F-87DC-96AA9504A395}.Debug|Any CPU.Build.0 = Debug|Any CPU
		{A4532AC8-982D-4C8F-87DC-96AA9504A395}.Release|Any CPU.ActiveCfg = Release|Any CPU
		{A4532AC8-982D-4C8F-87DC-96AA9504A395}.Release|Any CPU.Build.0 = Release|Any CPU
	EndGlobalSection
	GlobalSection(SolutionProperties) = preSolution
		HideSolutionNode = FALSE
	EndGlobalSection
	GlobalSection(NestedProjects) = preSolution
		{C4D1421B-13C6-4694-8461-C2FBBF96736F} = {AEF8E7FD-2627-400A-A4C7-B464521320D8}
		{DC119FF4-3FDC-435B-8607-908E2BE906AF} = {AEF8E7FD-2627-400A-A4C7-B464521320D8}
	EndGlobalSection
	GlobalSection(ExtensibilityGlobals) = postSolution
		SolutionGuid = {18D8E88F-9BDB-4B96-88CB-1FF6CABF423C}
	EndGlobalSection
EndGlobal
